// !$*UTF8*$!
{
	archiveVersion = 1;
	classes = {
	};
	objectVersion = 50;
	objects = {

/* Begin PBXBuildFile section */
		EE3F9215242F5532009DA16D /* AppDelegate.swift in Sources */ = {isa = PBXBuildFile; fileRef = EE3F9214242F5532009DA16D /* AppDelegate.swift */; };
		EE3F9217242F5532009DA16D /* SceneDelegate.swift in Sources */ = {isa = PBXBuildFile; fileRef = EE3F9216242F5532009DA16D /* SceneDelegate.swift */; };
		EE3F9219242F5532009DA16D /* ContentView.swift in Sources */ = {isa = PBXBuildFile; fileRef = EE3F9218242F5532009DA16D /* ContentView.swift */; };
		EE3F921B242F5532009DA16D /* Assets.xcassets in Resources */ = {isa = PBXBuildFile; fileRef = EE3F921A242F5532009DA16D /* Assets.xcassets */; };
		EE3F921E242F5532009DA16D /* Preview Assets.xcassets in Resources */ = {isa = PBXBuildFile; fileRef = EE3F921D242F5532009DA16D /* Preview Assets.xcassets */; };
		EE3F9221242F5532009DA16D /* LaunchScreen.storyboard in Resources */ = {isa = PBXBuildFile; fileRef = EE3F921F242F5532009DA16D /* LaunchScreen.storyboard */; };
		EE3F922A242F59B9009DA16D /* NetworkManager.swift in Sources */ = {isa = PBXBuildFile; fileRef = EE3F9229242F59B9009DA16D /* NetworkManager.swift */; };
		EE3F922C242F5AE5009DA16D /* PostData.swift in Sources */ = {isa = PBXBuildFile; fileRef = EE3F922B242F5AE5009DA16D /* PostData.swift */; };
		EE3F922F242F627D009DA16D /* DetailView.swift in Sources */ = {isa = PBXBuildFile; fileRef = EE3F922E242F627D009DA16D /* DetailView.swift */; };
		EE3F9231242F653E009DA16D /* WebView.swift in Sources */ = {isa = PBXBuildFile; fileRef = EE3F9230242F653E009DA16D /* WebView.swift */; };
/* End PBXBuildFile section */

/* Begin PBXFileReference section */
		EE3F9211242F5532009DA16D /* H4X0R News - SwiftUI.app */ = {isa = PBXFileReference; explicitFileType = wrapper.application; includeInIndex = 0; path = "H4X0R News - SwiftUI.app"; sourceTree = BUILT_PRODUCTS_DIR; };
		EE3F9214242F5532009DA16D /* AppDelegate.swift */ = {isa = PBXFileReference; lastKnownFileType = sourcecode.swift; path = AppDelegate.swift; sourceTree = "<group>"; };
		EE3F9216242F5532009DA16D /* SceneDelegate.swift */ = {isa = PBXFileReference; lastKnownFileType = sourcecode.swift; path = SceneDelegate.swift; sourceTree = "<group>"; };
		EE3F9218242F5532009DA16D /* ContentView.swift */ = {isa = PBXFileReference; lastKnownFileType = sourcecode.swift; path = ContentView.swift; sourceTree = "<group>"; };
		EE3F921A242F5532009DA16D /* Assets.xcassets */ = {isa = PBXFileReference; lastKnownFileType = folder.assetcatalog; path = Assets.xcassets; sourceTree = "<group>"; };
		EE3F921D242F5532009DA16D /* Preview Assets.xcassets */ = {isa = PBXFileReference; lastKnownFileType = folder.assetcatalog; path = "Preview Assets.xcassets"; sourceTree = "<group>"; };
		EE3F9220242F5532009DA16D /* Base */ = {isa = PBXFileReference; lastKnownFileType = file.storyboard; name = Base; path = Base.lproj/LaunchScreen.storyboard; sourceTree = "<group>"; };
		EE3F9222242F5532009DA16D /* Info.plist */ = {isa = PBXFileReference; lastKnownFileType = text.plist.xml; path = Info.plist; sourceTree = "<group>"; };
		EE3F9229242F59B9009DA16D /* NetworkManager.swift */ = {isa = PBXFileReference; lastKnownFileType = sourcecode.swift; path = NetworkManager.swift; sourceTree = "<group>"; };
		EE3F922B242F5AE5009DA16D /* PostData.swift */ = {isa = PBXFileReference; lastKnownFileType = sourcecode.swift; path = PostData.swift; sourceTree = "<group>"; };
		EE3F922E242F627D009DA16D /* DetailView.swift */ = {isa = PBXFileReference; lastKnownFileType = sourcecode.swift; path = DetailView.swift; sourceTree = "<group>"; };
		EE3F9230242F653E009DA16D /* WebView.swift */ = {isa = PBXFileReference; lastKnownFileType = sourcecode.swift; path = WebView.swift; sourceTree = "<group>"; };
		EE3F9232242F6700009DA16D /* H4X0R News - SwiftUI.entitlements */ = {isa = PBXFileReference; lastKnownFileType = text.plist.entitlements; path = "H4X0R News - SwiftUI.entitlements"; sourceTree = "<group>"; };
/* End PBXFileReference section */

/* Begin PBXFrameworksBuildPhase section */
		EE3F920E242F5532009DA16D /* Frameworks */ = {
			isa = PBXFrameworksBuildPhase;
			buildActionMask = 2147483647;
			files = (
			);
			runOnlyForDeploymentPostprocessing = 0;
		};
/* End PBXFrameworksBuildPhase section */

/* Begin PBXGroup section */
		EE3F9208242F5532009DA16D = {
			isa = PBXGroup;
			children = (
				EE3F9213242F5532009DA16D /* H4X0R News - SwiftUI */,
				EE3F9212242F5532009DA16D /* Products */,
			);
			sourceTree = "<group>";
		};
		EE3F9212242F5532009DA16D /* Products */ = {
			isa = PBXGroup;
			children = (
				EE3F9211242F5532009DA16D /* H4X0R News - SwiftUI.app */,
			);
			name = Products;
			sourceTree = "<group>";
		};
		EE3F9213242F5532009DA16D /* H4X0R News - SwiftUI */ = {
			isa = PBXGroup;
			children = (
				EE3F9232242F6700009DA16D /* H4X0R News - SwiftUI.entitlements */,
				EE3F9214242F5532009DA16D /* AppDelegate.swift */,
				EE3F9216242F5532009DA16D /* SceneDelegate.swift */,
				EE3F922D242F6264009DA16D /* Views */,
				EE3F9228242F5988009DA16D /* Models */,
				EE3F921A242F5532009DA16D /* Assets.xcassets */,
				EE3F921F242F5532009DA16D /* LaunchScreen.storyboard */,
				EE3F9222242F5532009DA16D /* Info.plist */,
				EE3F921C242F5532009DA16D /* Preview Content */,
			);
			path = "H4X0R News - SwiftUI";
			sourceTree = "<group>";
		};
		EE3F921C242F5532009DA16D /* Preview Content */ = {
			isa = PBXGroup;
			children = (
				EE3F921D242F5532009DA16D /* Preview Assets.xcassets */,
			);
			path = "Preview Content";
			sourceTree = "<group>";
		};
		EE3F9228242F5988009DA16D /* Models */ = {
			isa = PBXGroup;
			children = (
				EE3F9229242F59B9009DA16D /* NetworkManager.swift */,
				EE3F922B242F5AE5009DA16D /* PostData.swift */,
			);
			path = Models;
			sourceTree = "<group>";
		};
		EE3F922D242F6264009DA16D /* Views */ = {
			isa = PBXGroup;
			children = (
				EE3F9218242F5532009DA16D /* ContentView.swift */,
				EE3F922E242F627D009DA16D /* DetailView.swift */,
				EE3F9230242F653E009DA16D /* WebView.swift */,
			);
			path = Views;
			sourceTree = "<group>";
		};
/* End PBXGroup section */

/* Begin PBXNativeTarget section */
		EE3F9210242F5532009DA16D /* H4X0R News - SwiftUI */ = {
			isa = PBXNativeTarget;
			buildConfigurationList = EE3F9225242F5532009DA16D /* Build configuration list for PBXNativeTarget "H4X0R News - SwiftUI" */;
			buildPhases = (
				EE3F920D242F5532009DA16D /* Sources */,
				EE3F920E242F5532009DA16D /* Frameworks */,
				EE3F920F242F5532009DA16D /* Resources */,
			);
			buildRules = (
			);
			dependencies = (
			);
			name = "H4X0R News - SwiftUI";
			productName = "H4X0R News - SwiftUI";
			productReference = EE3F9211242F5532009DA16D /* H4X0R News - SwiftUI.app */;
			productType = "com.apple.product-type.application";
		};
/* End PBXNativeTarget section */

/* Begin PBXProject section */
		EE3F9209242F5532009DA16D /* Project object */ = {
			isa = PBXProject;
			attributes = {
				LastSwiftUpdateCheck = 1130;
				LastUpgradeCheck = 1130;
				ORGANIZATIONNAME = "Roberto Liccardo";
				TargetAttributes = {
					EE3F9210242F5532009DA16D = {
						CreatedOnToolsVersion = 11.3.1;
					};
				};
			};
			buildConfigurationList = EE3F920C242F5532009DA16D /* Build configuration list for PBXProject "H4X0R News - SwiftUI" */;
			compatibilityVersion = "Xcode 9.3";
			developmentRegion = en;
			hasScannedForEncodings = 0;
			knownRegions = (
				en,
				Base,
			);
			mainGroup = EE3F9208242F5532009DA16D;
			productRefGroup = EE3F9212242F5532009DA16D /* Products */;
			projectDirPath = "";
			projectRoot = "";
			targets = (
				EE3F9210242F5532009DA16D /* H4X0R News - SwiftUI */,
			);
		};
/* End PBXProject section */

/* Begin PBXResourcesBuildPhase section */
		EE3F920F242F5532009DA16D /* Resources */ = {
			isa = PBXResourcesBuildPhase;
			buildActionMask = 2147483647;
			files = (
				EE3F9221242F5532009DA16D /* LaunchScreen.storyboard in Resources */,
				EE3F921E242F5532009DA16D /* Preview Assets.xcassets in Resources */,
				EE3F921B242F5532009DA16D /* Assets.xcassets in Resources */,
			);
			runOnlyForDeploymentPostprocessing = 0;
		};
/* End PBXResourcesBuildPhase section */

/* Begin PBXSourcesBuildPhase section */
		EE3F920D242F5532009DA16D /* Sources */ = {
			isa = PBXSourcesBuildPhase;
			buildActionMask = 2147483647;
			files = (
				EE3F922C242F5AE5009DA16D /* PostData.swift in Sources */,
				EE3F922F242F627D009DA16D /* DetailView.swift in Sources */,
				EE3F922A242F59B9009DA16D /* NetworkManager.swift in Sources */,
				EE3F9215242F5532009DA16D /* AppDelegate.swift in Sources */,
				EE3F9217242F5532009DA16D /* SceneDelegate.swift in Sources */,
				EE3F9219242F5532009DA16D /* ContentView.swift in Sources */,
				EE3F9231242F653E009DA16D /* WebView.swift in Sources */,
			);
			runOnlyForDeploymentPostprocessing = 0;
		};
/* End PBXSourcesBuildPhase section */

/* Begin PBXVariantGroup section */
		EE3F921F242F5532009DA16D /* LaunchScreen.storyboard */ = {
			isa = PBXVariantGroup;
			children = (
				EE3F9220242F5532009DA16D /* Base */,
			);
			name = LaunchScreen.storyboard;
			sourceTree = "<group>";
		};
/* End PBXVariantGroup section */

/* Begin XCBuildConfiguration section */
		EE3F9223242F5532009DA16D /* Debug */ = {
			isa = XCBuildConfiguration;
			buildSettings = {
				ALWAYS_SEARCH_USER_PATHS = NO;
				CLANG_ANALYZER_NONNULL = YES;
				CLANG_ANALYZER_NUMBER_OBJECT_CONVERSION = YES_AGGRESSIVE;
				CLANG_CXX_LANGUAGE_STANDARD = "gnu++14";
				CLANG_CXX_LIBRARY = "libc++";
				CLANG_ENABLE_MODULES = YES;
				CLANG_ENABLE_OBJC_ARC = YES;
				CLANG_ENABLE_OBJC_WEAK = YES;
				CLANG_WARN_BLOCK_CAPTURE_AUTORELEASING = YES;
				CLANG_WARN_BOOL_CONVERSION = YES;
				CLANG_WARN_COMMA = YES;
				CLANG_WARN_CONSTANT_CONVERSION = YES;
				CLANG_WARN_DEPRECATED_OBJC_IMPLEMENTATIONS = YES;
				CLANG_WARN_DIRECT_OBJC_ISA_USAGE = YES_ERROR;
				CLANG_WARN_DOCUMENTATION_COMMENTS = YES;
				CLANG_WARN_EMPTY_BODY = YES;
				CLANG_WARN_ENUM_CONVERSION = YES;
				CLANG_WARN_INFINITE_RECURSION = YES;
				CLANG_WARN_INT_CONVERSION = YES;
				CLANG_WARN_NON_LITERAL_NULL_CONVERSION = YES;
				CLANG_WARN_OBJC_IMPLICIT_RETAIN_SELF = YES;
				CLANG_WARN_OBJC_LITERAL_CONVERSION = YES;
				CLANG_WARN_OBJC_ROOT_CLASS = YES_ERROR;
				CLANG_WARN_RANGE_LOOP_ANALYSIS = YES;
				CLANG_WARN_STRICT_PROTOTYPES = YES;
				CLANG_WARN_SUSPICIOUS_MOVE = YES;
				CLANG_WARN_UNGUARDED_AVAILABILITY = YES_AGGRESSIVE;
				CLANG_WARN_UNREACHABLE_CODE = YES;
				CLANG_WARN__DUPLICATE_METHOD_MATCH = YES;
				COPY_PHASE_STRIP = NO;
				DEBUG_INFORMATION_FORMAT = dwarf;
				ENABLE_STRICT_OBJC_MSGSEND = YES;
				ENABLE_TESTABILITY = YES;
				GCC_C_LANGUAGE_STANDARD = gnu11;
				GCC_DYNAMIC_NO_PIC = NO;
				GCC_NO_COMMON_BLOCKS = YES;
				GCC_OPTIMIZATION_LEVEL = 0;
				GCC_PREPROCESSOR_DEFINITIONS = (
					"DEBUG=1",
					"$(inherited)",
				);
				GCC_WARN_64_TO_32_BIT_CONVERSION = YES;
				GCC_WARN_ABOUT_RETURN_TYPE = YES_ERROR;
				GCC_WARN_UNDECLARED_SELECTOR = YES;
				GCC_WARN_UNINITIALIZED_AUTOS = YES_AGGRESSIVE;
				GCC_WARN_UNUSED_FUNCTION = YES;
				GCC_WARN_UNUSED_VARIABLE = YES;
				IPHONEOS_DEPLOYMENT_TARGET = 13.2;
				MTL_ENABLE_DEBUG_INFO = INCLUDE_SOURCE;
				MTL_FAST_MATH = YES;
				ONLY_ACTIVE_ARCH = YES;
				SDKROOT = iphoneos;
				SWIFT_ACTIVE_COMPILATION_CONDITIONS = DEBUG;
				SWIFT_OPTIMIZATION_LEVEL = "-Onone";
			};
			name = Debug;
		};
		EE3F9224242F5532009DA16D /* Release */ = {
			isa = XCBuildConfiguration;
			buildSettings = {
				ALWAYS_SEARCH_USER_PATHS = NO;
				CLANG_ANALYZER_NONNULL = YES;
				CLANG_ANALYZER_NUMBER_OBJECT_CONVERSION = YES_AGGRESSIVE;
				CLANG_CXX_LANGUAGE_STANDARD = "gnu++14";
				CLANG_CXX_LIBRARY = "libc++";
				CLANG_ENABLE_MODULES = YES;
				CLANG_ENABLE_OBJC_ARC = YES;
				CLANG_ENABLE_OBJC_WEAK = YES;
				CLANG_WARN_BLOCK_CAPTURE_AUTORELEASING = YES;
				CLANG_WARN_BOOL_CONVERSION = YES;
				CLANG_WARN_COMMA = YES;
				CLANG_WARN_CONSTANT_CONVERSION = YES;
				CLANG_WARN_DEPRECATED_OBJC_IMPLEMENTATIONS = YES;
				CLANG_WARN_DIRECT_OBJC_ISA_USAGE = YES_ERROR;
				CLANG_WARN_DOCUMENTATION_COMMENTS = YES;
				CLANG_WARN_EMPTY_BODY = YES;
				CLANG_WARN_ENUM_CONVERSION = YES;
				CLANG_WARN_INFINITE_RECURSION = YES;
				CLANG_WARN_INT_CONVERSION = YES;
				CLANG_WARN_NON_LITERAL_NULL_CONVERSION = YES;
				CLANG_WARN_OBJC_IMPLICIT_RETAIN_SELF = YES;
				CLANG_WARN_OBJC_LITERAL_CONVERSION = YES;
				CLANG_WARN_OBJC_ROOT_CLASS = YES_ERROR;
				CLANG_WARN_RANGE_LOOP_ANALYSIS = YES;
				CLANG_WARN_STRICT_PROTOTYPES = YES;
				CLANG_WARN_SUSPICIOUS_MOVE = YES;
				CLANG_WARN_UNGUARDED_AVAILABILITY = YES_AGGRESSIVE;
				CLANG_WARN_UNREACHABLE_CODE = YES;
				CLANG_WARN__DUPLICATE_METHOD_MATCH = YES;
				COPY_PHASE_STRIP = NO;
				DEBUG_INFORMATION_FORMAT = "dwarf-with-dsym";
				ENABLE_NS_ASSERTIONS = NO;
				ENABLE_STRICT_OBJC_MSGSEND = YES;
				GCC_C_LANGUAGE_STANDARD = gnu11;
				GCC_NO_COMMON_BLOCKS = YES;
				GCC_WARN_64_TO_32_BIT_CONVERSION = YES;
				GCC_WARN_ABOUT_RETURN_TYPE = YES_ERROR;
				GCC_WARN_UNDECLARED_SELECTOR = YES;
				GCC_WARN_UNINITIALIZED_AUTOS = YES_AGGRESSIVE;
				GCC_WARN_UNUSED_FUNCTION = YES;
				GCC_WARN_UNUSED_VARIABLE = YES;
				IPHONEOS_DEPLOYMENT_TARGET = 13.2;
				MTL_ENABLE_DEBUG_INFO = NO;
				MTL_FAST_MATH = YES;
				SDKROOT = iphoneos;
				SWIFT_COMPILATION_MODE = wholemodule;
				SWIFT_OPTIMIZATION_LEVEL = "-O";
				VALIDATE_PRODUCT = YES;
			};
			name = Release;
		};
		EE3F9226242F5532009DA16D /* Debug */ = {
			isa = XCBuildConfiguration;
			buildSettings = {
				ASSETCATALOG_COMPILER_APPICON_NAME = AppIcon;
				CODE_SIGN_ENTITLEMENTS = "H4X0R News - SwiftUI/H4X0R News - SwiftUI.entitlements";
				CODE_SIGN_STYLE = Automatic;
				DERIVE_MACCATALYST_PRODUCT_BUNDLE_IDENTIFIER = YES;
				DEVELOPMENT_ASSET_PATHS = "\"H4X0R News - SwiftUI/Preview Content\"";
				DEVELOPMENT_TEAM = JY68QCXDV6;
				ENABLE_PREVIEWS = YES;
				INFOPLIST_FILE = "H4X0R News - SwiftUI/Info.plist";
				LD_RUNPATH_SEARCH_PATHS = (
					"$(inherited)",
					"@executable_path/Frameworks",
				);
				PRODUCT_BUNDLE_IDENTIFIER = "com.robertoliccardo.H4X0R-News---SwiftUI";
				PRODUCT_NAME = "$(TARGET_NAME)";
				SUPPORTS_MACCATALYST = YES;
				SWIFT_VERSION = 5.0;
				TARGETED_DEVICE_FAMILY = "1,2";
			};
			name = Debug;
		};
		EE3F9227242F5532009DA16D /* Release */ = {
			isa = XCBuildConfiguration;
			buildSettings = {
				ASSETCATALOG_COMPILER_APPICON_NAME = AppIcon;
				CODE_SIGN_ENTITLEMENTS = "H4X0R News - SwiftUI/H4X0R News - SwiftUI.entitlements";
				CODE_SIGN_STYLE = Automatic;
				DERIVE_MACCATALYST_PRODUCT_BUNDLE_IDENTIFIER = YES;
				DEVELOPMENT_ASSET_PATHS = "\"H4X0R News - SwiftUI/Preview Content\"";
				DEVELOPMENT_TEAM = JY68QCXDV6;
				ENABLE_PREVIEWS = YES;
				INFOPLIST_FILE = "H4X0R News - SwiftUI/Info.plist";
				LD_RUNPATH_SEARCH_PATHS = (
					"$(inherited)",
					"@executable_path/Frameworks",
				);
				PRODUCT_BUNDLE_IDENTIFIER = "com.robertoliccardo.H4X0R-News---SwiftUI";
				PRODUCT_NAME = "$(TARGET_NAME)";
				SUPPORTS_MACCATALYST = YES;
				SWIFT_VERSION = 5.0;
				TARGETED_DEVICE_FAMILY = "1,2";
			};
			name = Release;
		};
/* End XCBuildConfiguration section */

/* Begin XCConfigurationList section */
		EE3F920C242F5532009DA16D /* Build configuration list for PBXProject "H4X0R News - SwiftUI" */ = {
			isa = XCConfigurationList;
			buildConfigurations = (
				EE3F9223242F5532009DA16D /* Debug */,
				EE3F9224242F5532009DA16D /* Release */,
			);
			defaultConfigurationIsVisible = 0;
			defaultConfigurationName = Release;
		};
		EE3F9225242F5532009DA16D /* Build configuration list for PBXNativeTarget "H4X0R News - SwiftUI" */ = {
			isa = XCConfigurationList;
			buildConfigurations = (
				EE3F9226242F5532009DA16D /* Debug */,
				EE3F9227242F5532009DA16D /* Release */,
			);
			defaultConfigurationIsVisible = 0;
			defaultConfigurationName = Release;
		};
/* End XCConfigurationList section */
	};
	rootObject = EE3F9209242F5532009DA16D /* Project object */;
}
